
Microsoft Visual Studio Solution File, Format Version 12.00
# Visual Studio 15
VisualStudioVersion = 15.0.28307.168
MinimumVisualStudioVersion = 10.0.40219.1
Project("{FAE04EC0-301F-11D3-BF4B-00C04F79EFBC}") = "UsingReflection", "UsingReflection\UsingReflection.csproj", "{D7592B93-9B6D-4B01-A2FF-6D57C0ED217D}"
EndProject
Global
	GlobalSection(SolutionConfigurationPlatforms) = preSolution
		Debug|Any CPU = Debug|Any CPU
		Release|Any CPU = Release|Any CPU
	EndGlobalSection
	GlobalSection(ProjectConfigurationPlatforms) = postSolution
		{D7592B93-9B6D-4B01-A2FF-6D57C0ED217D}.Debug|Any CPU.ActiveCfg = Debug|Any CPU
		{D7592B93-9B6D-4B01-A2FF-6D57C0ED217D}.Debug|Any CPU.Build.0 = Debug|Any CPU
		{D7592B93-9B6D-4B01-A2FF-6D57C0ED217D}.Release|Any CPU.ActiveCfg = Release|Any CPU
		{D7592B93-9B6D-4B01-A2FF-6D57C0ED217D}.Release|Any CPU.Build.0 = Release|Any CPU
	EndGlobalSection
	GlobalSection(SolutionProperties) = preSolution
		HideSolutionNode = FALSE
	EndGlobalSection
	GlobalSection(ExtensibilityGlobals) = postSolution
		SolutionGuid = {F5A5D934-637D-4B0B-9E9D-8C422397F3C1}
	EndGlobalSection
EndGlobal
